// !$*UTF8*$!
{
	archiveVersion = 1;
	classes = {
	};
	objectVersion = 50;
	objects = {

/* Begin PBXBuildFile section */
		BCDA7A47211BCCED00891460 /* AppDelegate.swift in Sources */ = {isa = PBXBuildFile; fileRef = BCDA7A46211BCCED00891460 /* AppDelegate.swift */; };
		BCDA7A49211BCCED00891460 /* LoginViewController.swift in Sources */ = {isa = PBXBuildFile; fileRef = BCDA7A48211BCCED00891460 /* LoginViewController.swift */; };
		BCDA7A4C211BCCED00891460 /* Main.storyboard in Resources */ = {isa = PBXBuildFile; fileRef = BCDA7A4A211BCCED00891460 /* Main.storyboard */; };
		BCDA7A4E211BCCF000891460 /* Assets.xcassets in Resources */ = {isa = PBXBuildFile; fileRef = BCDA7A4D211BCCF000891460 /* Assets.xcassets */; };
		BCDA7A51211BCCF000891460 /* LaunchScreen.storyboard in Resources */ = {isa = PBXBuildFile; fileRef = BCDA7A4F211BCCF000891460 /* LaunchScreen.storyboard */; };
		BCDA7A59211E778200891460 /* ForgotPassword.swift in Sources */ = {isa = PBXBuildFile; fileRef = BCDA7A58211E778200891460 /* ForgotPassword.swift */; };
		BCDA7A5B2120DB8B00891460 /* ForgotConfirmation.swift in Sources */ = {isa = PBXBuildFile; fileRef = BCDA7A5A2120DB8A00891460 /* ForgotConfirmation.swift */; };
		BCDA7A5D2120E67C00891460 /* SignUp.swift in Sources */ = {isa = PBXBuildFile; fileRef = BCDA7A5C2120E67C00891460 /* SignUp.swift */; };
		BCDA7A5F2120E97C00891460 /* InviteHousemates.swift in Sources */ = {isa = PBXBuildFile; fileRef = BCDA7A5E2120E97C00891460 /* InviteHousemates.swift */; };
/* End PBXBuildFile section */

/* Begin PBXFileReference section */
		BCDA7A43211BCCED00891460 /* Roomies.app */ = {isa = PBXFileReference; explicitFileType = wrapper.application; includeInIndex = 0; path = Roomies.app; sourceTree = BUILT_PRODUCTS_DIR; };
		BCDA7A46211BCCED00891460 /* AppDelegate.swift */ = {isa = PBXFileReference; lastKnownFileType = sourcecode.swift; path = AppDelegate.swift; sourceTree = "<group>"; };
		BCDA7A48211BCCED00891460 /* LoginViewController.swift */ = {isa = PBXFileReference; lastKnownFileType = sourcecode.swift; path = LoginViewController.swift; sourceTree = "<group>"; };
		BCDA7A4B211BCCED00891460 /* Base */ = {isa = PBXFileReference; lastKnownFileType = file.storyboard; name = Base; path = Base.lproj/Main.storyboard; sourceTree = "<group>"; };
		BCDA7A4D211BCCF000891460 /* Assets.xcassets */ = {isa = PBXFileReference; lastKnownFileType = folder.assetcatalog; path = Assets.xcassets; sourceTree = "<group>"; };
		BCDA7A50211BCCF000891460 /* Base */ = {isa = PBXFileReference; lastKnownFileType = file.storyboard; name = Base; path = Base.lproj/LaunchScreen.storyboard; sourceTree = "<group>"; };
		BCDA7A52211BCCF000891460 /* Info.plist */ = {isa = PBXFileReference; lastKnownFileType = text.plist.xml; path = Info.plist; sourceTree = "<group>"; };
		BCDA7A58211E778200891460 /* ForgotPassword.swift */ = {isa = PBXFileReference; lastKnownFileType = sourcecode.swift; path = ForgotPassword.swift; sourceTree = "<group>"; };
		BCDA7A5A2120DB8A00891460 /* ForgotConfirmation.swift */ = {isa = PBXFileReference; lastKnownFileType = sourcecode.swift; path = ForgotConfirmation.swift; sourceTree = "<group>"; };
		BCDA7A5C2120E67C00891460 /* SignUp.swift */ = {isa = PBXFileReference; lastKnownFileType = sourcecode.swift; path = SignUp.swift; sourceTree = "<group>"; };
		BCDA7A5E2120E97C00891460 /* InviteHousemates.swift */ = {isa = PBXFileReference; lastKnownFileType = sourcecode.swift; path = InviteHousemates.swift; sourceTree = "<group>"; };
/* End PBXFileReference section */

/* Begin PBXFrameworksBuildPhase section */
		BCDA7A40211BCCED00891460 /* Frameworks */ = {
			isa = PBXFrameworksBuildPhase;
			buildActionMask = 2147483647;
			files = (
			);
			runOnlyForDeploymentPostprocessing = 0;
		};
/* End PBXFrameworksBuildPhase section */

/* Begin PBXGroup section */
		BCDA7A3A211BCCED00891460 = {
			isa = PBXGroup;
			children = (
				BCDA7A45211BCCED00891460 /* Roomies */,
				BCDA7A44211BCCED00891460 /* Products */,
			);
			sourceTree = "<group>";
		};
		BCDA7A44211BCCED00891460 /* Products */ = {
			isa = PBXGroup;
			children = (
				BCDA7A43211BCCED00891460 /* Roomies.app */,
			);
			name = Products;
			sourceTree = "<group>";
		};
		BCDA7A45211BCCED00891460 /* Roomies */ = {
			isa = PBXGroup;
			children = (
				BCDA7A46211BCCED00891460 /* AppDelegate.swift */,
				BCDA7A48211BCCED00891460 /* LoginViewController.swift */,
				BCDA7A58211E778200891460 /* ForgotPassword.swift */,
				BCDA7A5A2120DB8A00891460 /* ForgotConfirmation.swift */,
				BCDA7A4A211BCCED00891460 /* Main.storyboard */,
				BCDA7A5C2120E67C00891460 /* SignUp.swift */,
				BCDA7A5E2120E97C00891460 /* InviteHousemates.swift */,
				BCDA7A4D211BCCF000891460 /* Assets.xcassets */,
				BCDA7A4F211BCCF000891460 /* LaunchScreen.storyboard */,
				BCDA7A52211BCCF000891460 /* Info.plist */,
			);
			path = Roomies;
			sourceTree = "<group>";
		};
/* End PBXGroup section */

/* Begin PBXNativeTarget section */
		BCDA7A42211BCCED00891460 /* Roomies */ = {
			isa = PBXNativeTarget;
			buildConfigurationList = BCDA7A55211BCCF000891460 /* Build configuration list for PBXNativeTarget "Roomies" */;
			buildPhases = (
				BCDA7A3F211BCCED00891460 /* Sources */,
				BCDA7A40211BCCED00891460 /* Frameworks */,
				BCDA7A41211BCCED00891460 /* Resources */,
			);
			buildRules = (
			);
			dependencies = (
			);
			name = Roomies;
			productName = Roomies;
			productReference = BCDA7A43211BCCED00891460 /* Roomies.app */;
			productType = "com.apple.product-type.application";
		};
/* End PBXNativeTarget section */

/* Begin PBXProject section */
		BCDA7A3B211BCCED00891460 /* Project object */ = {
			isa = PBXProject;
			attributes = {
				LastSwiftUpdateCheck = 0940;
				LastUpgradeCheck = 0940;
				ORGANIZATIONNAME = "Nathan Tu";
				TargetAttributes = {
					BCDA7A42211BCCED00891460 = {
						CreatedOnToolsVersion = 9.4.1;
					};
				};
			};
			buildConfigurationList = BCDA7A3E211BCCED00891460 /* Build configuration list for PBXProject "Roomies" */;
			compatibilityVersion = "Xcode 9.3";
			developmentRegion = en;
			hasScannedForEncodings = 0;
			knownRegions = (
				en,
				Base,
			);
			mainGroup = BCDA7A3A211BCCED00891460;
			productRefGroup = BCDA7A44211BCCED00891460 /* Products */;
			projectDirPath = "";
			projectRoot = "";
			targets = (
				BCDA7A42211BCCED00891460 /* Roomies */,
			);
		};
/* End PBXProject section */

/* Begin PBXResourcesBuildPhase section */
		BCDA7A41211BCCED00891460 /* Resources */ = {
			isa = PBXResourcesBuildPhase;
			buildActionMask = 2147483647;
			files = (
				BCDA7A51211BCCF000891460 /* LaunchScreen.storyboard in Resources */,
				BCDA7A4E211BCCF000891460 /* Assets.xcassets in Resources */,
				BCDA7A4C211BCCED00891460 /* Main.storyboard in Resources */,
			);
			runOnlyForDeploymentPostprocessing = 0;
		};
/* End PBXResourcesBuildPhase section */

/* Begin PBXSourcesBuildPhase section */
		BCDA7A3F211BCCED00891460 /* Sources */ = {
			isa = PBXSourcesBuildPhase;
			buildActionMask = 2147483647;
			files = (
				BCDA7A49211BCCED00891460 /* LoginViewController.swift in Sources */,
				BCDA7A5B2120DB8B00891460 /* ForgotConfirmation.swift in Sources */,
				BCDA7A5F2120E97C00891460 /* InviteHousemates.swift in Sources */,
				BCDA7A47211BCCED00891460 /* AppDelegate.swift in Sources */,
				BCDA7A59211E778200891460 /* ForgotPassword.swift in Sources */,
				BCDA7A5D2120E67C00891460 /* SignUp.swift in Sources */,
			);
			runOnlyForDeploymentPostprocessing = 0;
		};
/* End PBXSourcesBuildPhase section */

/* Begin PBXVariantGroup section */
		BCDA7A4A211BCCED00891460 /* Main.storyboard */ = {
			isa = PBXVariantGroup;
			children = (
				BCDA7A4B211BCCED00891460 /* Base */,
			);
			name = Main.storyboard;
			sourceTree = "<group>";
		};
		BCDA7A4F211BCCF000891460 /* LaunchScreen.storyboard */ = {
			isa = PBXVariantGroup;
			children = (
				BCDA7A50211BCCF000891460 /* Base */,
			);
			name = LaunchScreen.storyboard;
			sourceTree = "<group>";
		};
/* End PBXVariantGroup section */

/* Begin XCBuildConfiguration section */
		BCDA7A53211BCCF000891460 /* Debug */ = {
			isa = XCBuildConfiguration;
			buildSettings = {
				ALWAYS_SEARCH_USER_PATHS = NO;
				CLANG_ANALYZER_NONNULL = YES;
				CLANG_ANALYZER_NUMBER_OBJECT_CONVERSION = YES_AGGRESSIVE;
				CLANG_CXX_LANGUAGE_STANDARD = "gnu++14";
				CLANG_CXX_LIBRARY = "libc++";
				CLANG_ENABLE_MODULES = YES;
				CLANG_ENABLE_OBJC_ARC = YES;
				CLANG_ENABLE_OBJC_WEAK = YES;
				CLANG_WARN_BLOCK_CAPTURE_AUTORELEASING = YES;
				CLANG_WARN_BOOL_CONVERSION = YES;
				CLANG_WARN_COMMA = YES;
				CLANG_WARN_CONSTANT_CONVERSION = YES;
				CLANG_WARN_DEPRECATED_OBJC_IMPLEMENTATIONS = YES;
				CLANG_WARN_DIRECT_OBJC_ISA_USAGE = YES_ERROR;
				CLANG_WARN_DOCUMENTATION_COMMENTS = YES;
				CLANG_WARN_EMPTY_BODY = YES;
				CLANG_WARN_ENUM_CONVERSION = YES;
				CLANG_WARN_INFINITE_RECURSION = YES;
				CLANG_WARN_INT_CONVERSION = YES;
				CLANG_WARN_NON_LITERAL_NULL_CONVERSION = YES;
				CLANG_WARN_OBJC_IMPLICIT_RETAIN_SELF = YES;
				CLANG_WARN_OBJC_LITERAL_CONVERSION = YES;
				CLANG_WARN_OBJC_ROOT_CLASS = YES_ERROR;
				CLANG_WARN_RANGE_LOOP_ANALYSIS = YES;
				CLANG_WARN_STRICT_PROTOTYPES = YES;
				CLANG_WARN_SUSPICIOUS_MOVE = YES;
				CLANG_WARN_UNGUARDED_AVAILABILITY = YES_AGGRESSIVE;
				CLANG_WARN_UNREACHABLE_CODE = YES;
				CLANG_WARN__DUPLICATE_METHOD_MATCH = YES;
				CODE_SIGN_IDENTITY = "iPhone Developer";
				COPY_PHASE_STRIP = NO;
				DEBUG_INFORMATION_FORMAT = dwarf;
				ENABLE_STRICT_OBJC_MSGSEND = YES;
				ENABLE_TESTABILITY = YES;
				GCC_C_LANGUAGE_STANDARD = gnu11;
				GCC_DYNAMIC_NO_PIC = NO;
				GCC_NO_COMMON_BLOCKS = YES;
				GCC_OPTIMIZATION_LEVEL = 0;
				GCC_PREPROCESSOR_DEFINITIONS = (
					"DEBUG=1",
					"$(inherited)",
				);
				GCC_WARN_64_TO_32_BIT_CONVERSION = YES;
				GCC_WARN_ABOUT_RETURN_TYPE = YES_ERROR;
				GCC_WARN_UNDECLARED_SELECTOR = YES;
				GCC_WARN_UNINITIALIZED_AUTOS = YES_AGGRESSIVE;
				GCC_WARN_UNUSED_FUNCTION = YES;
				GCC_WARN_UNUSED_VARIABLE = YES;
				IPHONEOS_DEPLOYMENT_TARGET = 11.4;
				MTL_ENABLE_DEBUG_INFO = YES;
				ONLY_ACTIVE_ARCH = YES;
				SDKROOT = iphoneos;
				SWIFT_ACTIVE_COMPILATION_CONDITIONS = DEBUG;
				SWIFT_OPTIMIZATION_LEVEL = "-Onone";
			};
			name = Debug;
		};
		BCDA7A54211BCCF000891460 /* Release */ = {
			isa = XCBuildConfiguration;
			buildSettings = {
				ALWAYS_SEARCH_USER_PATHS = NO;
				CLANG_ANALYZER_NONNULL = YES;
				CLANG_ANALYZER_NUMBER_OBJECT_CONVERSION = YES_AGGRESSIVE;
				CLANG_CXX_LANGUAGE_STANDARD = "gnu++14";
				CLANG_CXX_LIBRARY = "libc++";
				CLANG_ENABLE_MODULES = YES;
				CLANG_ENABLE_OBJC_ARC = YES;
				CLANG_ENABLE_OBJC_WEAK = YES;
				CLANG_WARN_BLOCK_CAPTURE_AUTORELEASING = YES;
				CLANG_WARN_BOOL_CONVERSION = YES;
				CLANG_WARN_COMMA = YES;
				CLANG_WARN_CONSTANT_CONVERSION = YES;
				CLANG_WARN_DEPRECATED_OBJC_IMPLEMENTATIONS = YES;
				CLANG_WARN_DIRECT_OBJC_ISA_USAGE = YES_ERROR;
				CLANG_WARN_DOCUMENTATION_COMMENTS = YES;
				CLANG_WARN_EMPTY_BODY = YES;
				CLANG_WARN_ENUM_CONVERSION = YES;
				CLANG_WARN_INFINITE_RECURSION = YES;
				CLANG_WARN_INT_CONVERSION = YES;
				CLANG_WARN_NON_LITERAL_NULL_CONVERSION = YES;
				CLANG_WARN_OBJC_IMPLICIT_RETAIN_SELF = YES;
				CLANG_WARN_OBJC_LITERAL_CONVERSION = YES;
				CLANG_WARN_OBJC_ROOT_CLASS = YES_ERROR;
				CLANG_WARN_RANGE_LOOP_ANALYSIS = YES;
				CLANG_WARN_STRICT_PROTOTYPES = YES;
				CLANG_WARN_SUSPICIOUS_MOVE = YES;
				CLANG_WARN_UNGUARDED_AVAILABILITY = YES_AGGRESSIVE;
				CLANG_WARN_UNREACHABLE_CODE = YES;
				CLANG_WARN__DUPLICATE_METHOD_MATCH = YES;
				CODE_SIGN_IDENTITY = "iPhone Developer";
				COPY_PHASE_STRIP = NO;
				DEBUG_INFORMATION_FORMAT = "dwarf-with-dsym";
				ENABLE_NS_ASSERTIONS = NO;
				ENABLE_STRICT_OBJC_MSGSEND = YES;
				GCC_C_LANGUAGE_STANDARD = gnu11;
				GCC_NO_COMMON_BLOCKS = YES;
				GCC_WARN_64_TO_32_BIT_CONVERSION = YES;
				GCC_WARN_ABOUT_RETURN_TYPE = YES_ERROR;
				GCC_WARN_UNDECLARED_SELECTOR = YES;
				GCC_WARN_UNINITIALIZED_AUTOS = YES_AGGRESSIVE;
				GCC_WARN_UNUSED_FUNCTION = YES;
				GCC_WARN_UNUSED_VARIABLE = YES;
				IPHONEOS_DEPLOYMENT_TARGET = 11.4;
				MTL_ENABLE_DEBUG_INFO = NO;
				SDKROOT = iphoneos;
				SWIFT_COMPILATION_MODE = wholemodule;
				SWIFT_OPTIMIZATION_LEVEL = "-O";
				VALIDATE_PRODUCT = YES;
			};
			name = Release;
		};
		BCDA7A56211BCCF000891460 /* Debug */ = {
			isa = XCBuildConfiguration;
			buildSettings = {
				ASSETCATALOG_COMPILER_APPICON_NAME = AppIcon;
				CODE_SIGN_STYLE = Automatic;
				DEVELOPMENT_TEAM = 3WH62975N5;
				INFOPLIST_FILE = Roomies/Info.plist;
				LD_RUNPATH_SEARCH_PATHS = (
					"$(inherited)",
					"@executable_path/Frameworks",
				);
				PRODUCT_BUNDLE_IDENTIFIER = com.NathanTu.Roomies;
				PRODUCT_NAME = "$(TARGET_NAME)";
				SWIFT_VERSION = 4.0;
				TARGETED_DEVICE_FAMILY = "1,2";
			};
			name = Debug;
		};
		BCDA7A57211BCCF000891460 /* Release */ = {
			isa = XCBuildConfiguration;
			buildSettings = {
				ASSETCATALOG_COMPILER_APPICON_NAME = AppIcon;
				CODE_SIGN_STYLE = Automatic;
				DEVELOPMENT_TEAM = 3WH62975N5;
				INFOPLIST_FILE = Roomies/Info.plist;
				LD_RUNPATH_SEARCH_PATHS = (
					"$(inherited)",
					"@executable_path/Frameworks",
				);
				PRODUCT_BUNDLE_IDENTIFIER = com.NathanTu.Roomies;
				PRODUCT_NAME = "$(TARGET_NAME)";
				SWIFT_VERSION = 4.0;
				TARGETED_DEVICE_FAMILY = "1,2";
			};
			name = Release;
		};
/* End XCBuildConfiguration section */

/* Begin XCConfigurationList section */
		BCDA7A3E211BCCED00891460 /* Build configuration list for PBXProject "Roomies" */ = {
			isa = XCConfigurationList;
			buildConfigurations = (
				BCDA7A53211BCCF000891460 /* Debug */,
				BCDA7A54211BCCF000891460 /* Release */,
			);
			defaultConfigurationIsVisible = 0;
			defaultConfigurationName = Release;
		};
		BCDA7A55211BCCF000891460 /* Build configuration list for PBXNativeTarget "Roomies" */ = {
			isa = XCConfigurationList;
			buildConfigurations = (
				BCDA7A56211BCCF000891460 /* Debug */,
				BCDA7A57211BCCF000891460 /* Release */,
			);
			defaultConfigurationIsVisible = 0;
			defaultConfigurationName = Release;
		};
/* End XCConfigurationList section */
	};
	rootObject = BCDA7A3B211BCCED00891460 /* Project object */;
}
